
Microsoft Visual Studio Solution File, Format Version 12.00
# Visual Studio 15
VisualStudioVersion = 15.0.26430.15
MinimumVisualStudioVersion = 10.0.40219.1
Project("{FAE04EC0-301F-11D3-BF4B-00C04F79EFBC}") = "Tutorial3-1", "ZBabcock_ChapterThreeTutorials\Tutorial3-1.csproj", "{D4B8AB91-F087-4E99-92A6-594947DF5D3C}"
EndProject
Project("{FAE04EC0-301F-11D3-BF4B-00C04F79EFBC}") = "Tutorial3-2", "Tutorial3-2\Tutorial3-2.csproj", "{44574E05-97ED-4421-A109-DF7B68EA1441}"
EndProject
Project("{FAE04EC0-301F-11D3-BF4B-00C04F79EFBC}") = "Tutorial3-3", "Tutorial3-3\Tutorial3-3.csproj", "{74411CD8-8526-430B-A08B-0F70FA6CD50B}"
EndProject
Project("{FAE04EC0-301F-11D3-BF4B-00C04F79EFBC}") = "Tutorial3-4", "Tutorial3-4\Tutorial3-4.csproj", "{594885F2-F914-4399-A470-43DE093BFC79}"
EndProject
Project("{FAE04EC0-301F-11D3-BF4B-00C04F79EFBC}") = "Tutorial3-5", "Tutorial3-5\Tutorial3-5.csproj", "{E2A5B629-83E1-4767-B76B-3BCF5C6BA474}"
EndProject
Project("{FAE04EC0-301F-11D3-BF4B-00C04F79EFBC}") = "ProgrammingProjects", "ProgrammingProjects\ProgrammingProjects.csproj", "{EEA863A7-D4D6-484D-90EA-FB8C0D5E0896}"
EndProject
Global
	GlobalSection(SolutionConfigurationPlatforms) = preSolution
		Debug|Any CPU = Debug|Any CPU
		Release|Any CPU = Release|Any CPU
	EndGlobalSection
	GlobalSection(ProjectConfigurationPlatforms) = postSolution
		{D4B8AB91-F087-4E99-92A6-594947DF5D3C}.Debug|Any CPU.ActiveCfg = Debug|Any CPU
		{D4B8AB91-F087-4E99-92A6-594947DF5D3C}.Debug|Any CPU.Build.0 = Debug|Any CPU
		{D4B8AB91-F087-4E99-92A6-594947DF5D3C}.Release|Any CPU.ActiveCfg = Release|Any CPU
		{D4B8AB91-F087-4E99-92A6-594947DF5D3C}.Release|Any CPU.Build.0 = Release|Any CPU
		{44574E05-97ED-4421-A109-DF7B68EA1441}.Debug|Any CPU.ActiveCfg = Debug|Any CPU
		{44574E05-97ED-4421-A109-DF7B68EA1441}.Debug|Any CPU.Build.0 = Debug|Any CPU
		{44574E05-97ED-4421-A109-DF7B68EA1441}.Release|Any CPU.ActiveCfg = Release|Any CPU
		{44574E05-97ED-4421-A109-DF7B68EA1441}.Release|Any CPU.Build.0 = Release|Any CPU
		{74411CD8-8526-430B-A08B-0F70FA6CD50B}.Debug|Any CPU.ActiveCfg = Debug|Any CPU
		{74411CD8-8526-430B-A08B-0F70FA6CD50B}.Debug|Any CPU.Build.0 = Debug|Any CPU
		{74411CD8-8526-430B-A08B-0F70FA6CD50B}.Release|Any CPU.ActiveCfg = Release|Any CPU
		{74411CD8-8526-430B-A08B-0F70FA6CD50B}.Release|Any CPU.Build.0 = Release|Any CPU
		{594885F2-F914-4399-A470-43DE093BFC79}.Debug|Any CPU.ActiveCfg = Debug|Any CPU
		{594885F2-F914-4399-A470-43DE093BFC79}.Debug|Any CPU.Build.0 = Debug|Any CPU
		{594885F2-F914-4399-A470-43DE093BFC79}.Release|Any CPU.ActiveCfg = Release|Any CPU
		{594885F2-F914-4399-A470-43DE093BFC79}.Release|Any CPU.Build.0 = Release|Any CPU
		{E2A5B629-83E1-4767-B76B-3BCF5C6BA474}.Debug|Any CPU.ActiveCfg = Debug|Any CPU
		{E2A5B629-83E1-4767-B76B-3BCF5C6BA474}.Debug|Any CPU.Build.0 = Debug|Any CPU
		{E2A5B629-83E1-4767-B76B-3BCF5C6BA474}.Release|Any CPU.ActiveCfg = Release|Any CPU
		{E2A5B629-83E1-4767-B76B-3BCF5C6BA474}.Release|Any CPU.Build.0 = Release|Any CPU
		{EEA863A7-D4D6-484D-90EA-FB8C0D5E0896}.Debug|Any CPU.ActiveCfg = Debug|Any CPU
		{EEA863A7-D4D6-484D-90EA-FB8C0D5E0896}.Debug|Any CPU.Build.0 = Debug|Any CPU
		{EEA863A7-D4D6-484D-90EA-FB8C0D5E0896}.Release|Any CPU.ActiveCfg = Release|Any CPU
		{EEA863A7-D4D6-484D-90EA-FB8C0D5E0896}.Release|Any CPU.Build.0 = Release|Any CPU
	EndGlobalSection
	GlobalSection(SolutionProperties) = preSolution
		HideSolutionNode = FALSE
	EndGlobalSection
EndGlobal
